// !$*UTF8*$!
{
	archiveVersion = 1;
	classes = {
	};
	objectVersion = 56;
	objects = {

/* Begin PBXBuildFile section */
		1130E498293E164B0062058E /* KisiHucreTableViewCell.swift in Sources */ = {isa = PBXBuildFile; fileRef = 1130E497293E164B0062058E /* KisiHucreTableViewCell.swift */; };
		1130E49A293E19560062058E /* KisiEkleViewController.swift in Sources */ = {isa = PBXBuildFile; fileRef = 1130E499293E19560062058E /* KisiEkleViewController.swift */; };
		1130E49C293E196B0062058E /* KisiGuncelleViewController.swift in Sources */ = {isa = PBXBuildFile; fileRef = 1130E49B293E196B0062058E /* KisiGuncelleViewController.swift */; };
		1130E49E293E19810062058E /* KisiDetayViewController.swift in Sources */ = {isa = PBXBuildFile; fileRef = 1130E49D293E19810062058E /* KisiDetayViewController.swift */; };
		1179952A293D4ABF00DE1301 /* AppDelegate.swift in Sources */ = {isa = PBXBuildFile; fileRef = 11799529293D4ABF00DE1301 /* AppDelegate.swift */; };
		1179952C293D4ABF00DE1301 /* SceneDelegate.swift in Sources */ = {isa = PBXBuildFile; fileRef = 1179952B293D4ABF00DE1301 /* SceneDelegate.swift */; };
		1179952E293D4ABF00DE1301 /* ViewController.swift in Sources */ = {isa = PBXBuildFile; fileRef = 1179952D293D4ABF00DE1301 /* ViewController.swift */; };
		11799531293D4ABF00DE1301 /* Main.storyboard in Resources */ = {isa = PBXBuildFile; fileRef = 1179952F293D4ABF00DE1301 /* Main.storyboard */; };
		11799534293D4ABF00DE1301 /* CoreDataKisilerApp.xcdatamodeld in Sources */ = {isa = PBXBuildFile; fileRef = 11799532293D4ABF00DE1301 /* CoreDataKisilerApp.xcdatamodeld */; };
		11799536293D4AC000DE1301 /* Assets.xcassets in Resources */ = {isa = PBXBuildFile; fileRef = 11799535293D4AC000DE1301 /* Assets.xcassets */; };
		11799539293D4AC000DE1301 /* LaunchScreen.storyboard in Resources */ = {isa = PBXBuildFile; fileRef = 11799537293D4AC000DE1301 /* LaunchScreen.storyboard */; };
/* End PBXBuildFile section */

/* Begin PBXFileReference section */
		1130E497293E164B0062058E /* KisiHucreTableViewCell.swift */ = {isa = PBXFileReference; lastKnownFileType = sourcecode.swift; path = KisiHucreTableViewCell.swift; sourceTree = "<group>"; };
		1130E499293E19560062058E /* KisiEkleViewController.swift */ = {isa = PBXFileReference; lastKnownFileType = sourcecode.swift; path = KisiEkleViewController.swift; sourceTree = "<group>"; };
		1130E49B293E196B0062058E /* KisiGuncelleViewController.swift */ = {isa = PBXFileReference; lastKnownFileType = sourcecode.swift; path = KisiGuncelleViewController.swift; sourceTree = "<group>"; };
		1130E49D293E19810062058E /* KisiDetayViewController.swift */ = {isa = PBXFileReference; lastKnownFileType = sourcecode.swift; path = KisiDetayViewController.swift; sourceTree = "<group>"; };
		11799526293D4ABF00DE1301 /* CoreDataKisilerApp.app */ = {isa = PBXFileReference; explicitFileType = wrapper.application; includeInIndex = 0; path = CoreDataKisilerApp.app; sourceTree = BUILT_PRODUCTS_DIR; };
		11799529293D4ABF00DE1301 /* AppDelegate.swift */ = {isa = PBXFileReference; lastKnownFileType = sourcecode.swift; path = AppDelegate.swift; sourceTree = "<group>"; };
		1179952B293D4ABF00DE1301 /* SceneDelegate.swift */ = {isa = PBXFileReference; lastKnownFileType = sourcecode.swift; path = SceneDelegate.swift; sourceTree = "<group>"; };
		1179952D293D4ABF00DE1301 /* ViewController.swift */ = {isa = PBXFileReference; lastKnownFileType = sourcecode.swift; path = ViewController.swift; sourceTree = "<group>"; };
		11799530293D4ABF00DE1301 /* Base */ = {isa = PBXFileReference; lastKnownFileType = file.storyboard; name = Base; path = Base.lproj/Main.storyboard; sourceTree = "<group>"; };
		11799533293D4ABF00DE1301 /* CoreDataKisilerApp.xcdatamodel */ = {isa = PBXFileReference; lastKnownFileType = wrapper.xcdatamodel; path = CoreDataKisilerApp.xcdatamodel; sourceTree = "<group>"; };
		11799535293D4AC000DE1301 /* Assets.xcassets */ = {isa = PBXFileReference; lastKnownFileType = folder.assetcatalog; path = Assets.xcassets; sourceTree = "<group>"; };
		11799538293D4AC000DE1301 /* Base */ = {isa = PBXFileReference; lastKnownFileType = file.storyboard; name = Base; path = Base.lproj/LaunchScreen.storyboard; sourceTree = "<group>"; };
		1179953A293D4AC000DE1301 /* Info.plist */ = {isa = PBXFileReference; lastKnownFileType = text.plist.xml; path = Info.plist; sourceTree = "<group>"; };
/* End PBXFileReference section */

/* Begin PBXFrameworksBuildPhase section */
		11799523293D4ABF00DE1301 /* Frameworks */ = {
			isa = PBXFrameworksBuildPhase;
			buildActionMask = 2147483647;
			files = (
			);
			runOnlyForDeploymentPostprocessing = 0;
		};
/* End PBXFrameworksBuildPhase section */

/* Begin PBXGroup section */
		1179951D293D4ABF00DE1301 = {
			isa = PBXGroup;
			children = (
				11799528293D4ABF00DE1301 /* CoreDataKisilerApp */,
				11799527293D4ABF00DE1301 /* Products */,
			);
			sourceTree = "<group>";
		};
		11799527293D4ABF00DE1301 /* Products */ = {
			isa = PBXGroup;
			children = (
				11799526293D4ABF00DE1301 /* CoreDataKisilerApp.app */,
			);
			name = Products;
			sourceTree = "<group>";
		};
		11799528293D4ABF00DE1301 /* CoreDataKisilerApp */ = {
			isa = PBXGroup;
			children = (
				11799529293D4ABF00DE1301 /* AppDelegate.swift */,
				1179952B293D4ABF00DE1301 /* SceneDelegate.swift */,
				1179952D293D4ABF00DE1301 /* ViewController.swift */,
				1179952F293D4ABF00DE1301 /* Main.storyboard */,
				11799535293D4AC000DE1301 /* Assets.xcassets */,
				11799537293D4AC000DE1301 /* LaunchScreen.storyboard */,
				1179953A293D4AC000DE1301 /* Info.plist */,
				11799532293D4ABF00DE1301 /* CoreDataKisilerApp.xcdatamodeld */,
				1130E497293E164B0062058E /* KisiHucreTableViewCell.swift */,
				1130E499293E19560062058E /* KisiEkleViewController.swift */,
				1130E49B293E196B0062058E /* KisiGuncelleViewController.swift */,
				1130E49D293E19810062058E /* KisiDetayViewController.swift */,
			);
			path = CoreDataKisilerApp;
			sourceTree = "<group>";
		};
/* End PBXGroup section */

/* Begin PBXNativeTarget section */
		11799525293D4ABF00DE1301 /* CoreDataKisilerApp */ = {
			isa = PBXNativeTarget;
			buildConfigurationList = 1179953D293D4AC000DE1301 /* Build configuration list for PBXNativeTarget "CoreDataKisilerApp" */;
			buildPhases = (
				11799522293D4ABF00DE1301 /* Sources */,
				11799523293D4ABF00DE1301 /* Frameworks */,
				11799524293D4ABF00DE1301 /* Resources */,
			);
			buildRules = (
			);
			dependencies = (
			);
			name = CoreDataKisilerApp;
			productName = CoreDataKisilerApp;
			productReference = 11799526293D4ABF00DE1301 /* CoreDataKisilerApp.app */;
			productType = "com.apple.product-type.application";
		};
/* End PBXNativeTarget section */

/* Begin PBXProject section */
		1179951E293D4ABF00DE1301 /* Project object */ = {
			isa = PBXProject;
			attributes = {
				BuildIndependentTargetsInParallel = 1;
				LastSwiftUpdateCheck = 1410;
				LastUpgradeCheck = 1410;
				TargetAttributes = {
					11799525293D4ABF00DE1301 = {
						CreatedOnToolsVersion = 14.1;
					};
				};
			};
			buildConfigurationList = 11799521293D4ABF00DE1301 /* Build configuration list for PBXProject "CoreDataKisilerApp" */;
			compatibilityVersion = "Xcode 14.0";
			developmentRegion = en;
			hasScannedForEncodings = 0;
			knownRegions = (
				en,
				Base,
			);
			mainGroup = 1179951D293D4ABF00DE1301;
			productRefGroup = 11799527293D4ABF00DE1301 /* Products */;
			projectDirPath = "";
			projectRoot = "";
			targets = (
				11799525293D4ABF00DE1301 /* CoreDataKisilerApp */,
			);
		};
/* End PBXProject section */

/* Begin PBXResourcesBuildPhase section */
		11799524293D4ABF00DE1301 /* Resources */ = {
			isa = PBXResourcesBuildPhase;
			buildActionMask = 2147483647;
			files = (
				11799539293D4AC000DE1301 /* LaunchScreen.storyboard in Resources */,
				11799536293D4AC000DE1301 /* Assets.xcassets in Resources */,
				11799531293D4ABF00DE1301 /* Main.storyboard in Resources */,
			);
			runOnlyForDeploymentPostprocessing = 0;
		};
/* End PBXResourcesBuildPhase section */

/* Begin PBXSourcesBuildPhase section */
		11799522293D4ABF00DE1301 /* Sources */ = {
			isa = PBXSourcesBuildPhase;
			buildActionMask = 2147483647;
			files = (
				1179952E293D4ABF00DE1301 /* ViewController.swift in Sources */,
				1130E49C293E196B0062058E /* KisiGuncelleViewController.swift in Sources */,
				1130E49A293E19560062058E /* KisiEkleViewController.swift in Sources */,
				1179952A293D4ABF00DE1301 /* AppDelegate.swift in Sources */,
				11799534293D4ABF00DE1301 /* CoreDataKisilerApp.xcdatamodeld in Sources */,
				1179952C293D4ABF00DE1301 /* SceneDelegate.swift in Sources */,
				1130E49E293E19810062058E /* KisiDetayViewController.swift in Sources */,
				1130E498293E164B0062058E /* KisiHucreTableViewCell.swift in Sources */,
			);
			runOnlyForDeploymentPostprocessing = 0;
		};
/* End PBXSourcesBuildPhase section */

/* Begin PBXVariantGroup section */
		1179952F293D4ABF00DE1301 /* Main.storyboard */ = {
			isa = PBXVariantGroup;
			children = (
				11799530293D4ABF00DE1301 /* Base */,
			);
			name = Main.storyboard;
			sourceTree = "<group>";
		};
		11799537293D4AC000DE1301 /* LaunchScreen.storyboard */ = {
			isa = PBXVariantGroup;
			children = (
				11799538293D4AC000DE1301 /* Base */,
			);
			name = LaunchScreen.storyboard;
			sourceTree = "<group>";
		};
/* End PBXVariantGroup section */

/* Begin XCBuildConfiguration section */
		1179953B293D4AC000DE1301 /* Debug */ = {
			isa = XCBuildConfiguration;
			buildSettings = {
				ALWAYS_SEARCH_USER_PATHS = NO;
				CLANG_ANALYZER_NONNULL = YES;
				CLANG_ANALYZER_NUMBER_OBJECT_CONVERSION = YES_AGGRESSIVE;
				CLANG_CXX_LANGUAGE_STANDARD = "gnu++20";
				CLANG_ENABLE_MODULES = YES;
				CLANG_ENABLE_OBJC_ARC = YES;
				CLANG_ENABLE_OBJC_WEAK = YES;
				CLANG_WARN_BLOCK_CAPTURE_AUTORELEASING = YES;
				CLANG_WARN_BOOL_CONVERSION = YES;
				CLANG_WARN_COMMA = YES;
				CLANG_WARN_CONSTANT_CONVERSION = YES;
				CLANG_WARN_DEPRECATED_OBJC_IMPLEMENTATIONS = YES;
				CLANG_WARN_DIRECT_OBJC_ISA_USAGE = YES_ERROR;
				CLANG_WARN_DOCUMENTATION_COMMENTS = YES;
				CLANG_WARN_EMPTY_BODY = YES;
				CLANG_WARN_ENUM_CONVERSION = YES;
				CLANG_WARN_INFINITE_RECURSION = YES;
				CLANG_WARN_INT_CONVERSION = YES;
				CLANG_WARN_NON_LITERAL_NULL_CONVERSION = YES;
				CLANG_WARN_OBJC_IMPLICIT_RETAIN_SELF = YES;
				CLANG_WARN_OBJC_LITERAL_CONVERSION = YES;
				CLANG_WARN_OBJC_ROOT_CLASS = YES_ERROR;
				CLANG_WARN_QUOTED_INCLUDE_IN_FRAMEWORK_HEADER = YES;
				CLANG_WARN_RANGE_LOOP_ANALYSIS = YES;
				CLANG_WARN_STRICT_PROTOTYPES = YES;
				CLANG_WARN_SUSPICIOUS_MOVE = YES;
				CLANG_WARN_UNGUARDED_AVAILABILITY = YES_AGGRESSIVE;
				CLANG_WARN_UNREACHABLE_CODE = YES;
				CLANG_WARN__DUPLICATE_METHOD_MATCH = YES;
				COPY_PHASE_STRIP = NO;
				DEBUG_INFORMATION_FORMAT = dwarf;
				ENABLE_STRICT_OBJC_MSGSEND = YES;
				ENABLE_TESTABILITY = YES;
				GCC_C_LANGUAGE_STANDARD = gnu11;
				GCC_DYNAMIC_NO_PIC = NO;
				GCC_NO_COMMON_BLOCKS = YES;
				GCC_OPTIMIZATION_LEVEL = 0;
				GCC_PREPROCESSOR_DEFINITIONS = (
					"DEBUG=1",
					"$(inherited)",
				);
				GCC_WARN_64_TO_32_BIT_CONVERSION = YES;
				GCC_WARN_ABOUT_RETURN_TYPE = YES_ERROR;
				GCC_WARN_UNDECLARED_SELECTOR = YES;
				GCC_WARN_UNINITIALIZED_AUTOS = YES_AGGRESSIVE;
				GCC_WARN_UNUSED_FUNCTION = YES;
				GCC_WARN_UNUSED_VARIABLE = YES;
				IPHONEOS_DEPLOYMENT_TARGET = 16.1;
				MTL_ENABLE_DEBUG_INFO = INCLUDE_SOURCE;
				MTL_FAST_MATH = YES;
				ONLY_ACTIVE_ARCH = YES;
				SDKROOT = iphoneos;
				SWIFT_ACTIVE_COMPILATION_CONDITIONS = DEBUG;
				SWIFT_OPTIMIZATION_LEVEL = "-Onone";
			};
			name = Debug;
		};
		1179953C293D4AC000DE1301 /* Release */ = {
			isa = XCBuildConfiguration;
			buildSettings = {
				ALWAYS_SEARCH_USER_PATHS = NO;
				CLANG_ANALYZER_NONNULL = YES;
				CLANG_ANALYZER_NUMBER_OBJECT_CONVERSION = YES_AGGRESSIVE;
				CLANG_CXX_LANGUAGE_STANDARD = "gnu++20";
				CLANG_ENABLE_MODULES = YES;
				CLANG_ENABLE_OBJC_ARC = YES;
				CLANG_ENABLE_OBJC_WEAK = YES;
				CLANG_WARN_BLOCK_CAPTURE_AUTORELEASING = YES;
				CLANG_WARN_BOOL_CONVERSION = YES;
				CLANG_WARN_COMMA = YES;
				CLANG_WARN_CONSTANT_CONVERSION = YES;
				CLANG_WARN_DEPRECATED_OBJC_IMPLEMENTATIONS = YES;
				CLANG_WARN_DIRECT_OBJC_ISA_USAGE = YES_ERROR;
				CLANG_WARN_DOCUMENTATION_COMMENTS = YES;
				CLANG_WARN_EMPTY_BODY = YES;
				CLANG_WARN_ENUM_CONVERSION = YES;
				CLANG_WARN_INFINITE_RECURSION = YES;
				CLANG_WARN_INT_CONVERSION = YES;
				CLANG_WARN_NON_LITERAL_NULL_CONVERSION = YES;
				CLANG_WARN_OBJC_IMPLICIT_RETAIN_SELF = YES;
				CLANG_WARN_OBJC_LITERAL_CONVERSION = YES;
				CLANG_WARN_OBJC_ROOT_CLASS = YES_ERROR;
				CLANG_WARN_QUOTED_INCLUDE_IN_FRAMEWORK_HEADER = YES;
				CLANG_WARN_RANGE_LOOP_ANALYSIS = YES;
				CLANG_WARN_STRICT_PROTOTYPES = YES;
				CLANG_WARN_SUSPICIOUS_MOVE = YES;
				CLANG_WARN_UNGUARDED_AVAILABILITY = YES_AGGRESSIVE;
				CLANG_WARN_UNREACHABLE_CODE = YES;
				CLANG_WARN__DUPLICATE_METHOD_MATCH = YES;
				COPY_PHASE_STRIP = NO;
				DEBUG_INFORMATION_FORMAT = "dwarf-with-dsym";
				ENABLE_NS_ASSERTIONS = NO;
				ENABLE_STRICT_OBJC_MSGSEND = YES;
				GCC_C_LANGUAGE_STANDARD = gnu11;
				GCC_NO_COMMON_BLOCKS = YES;
				GCC_WARN_64_TO_32_BIT_CONVERSION = YES;
				GCC_WARN_ABOUT_RETURN_TYPE = YES_ERROR;
				GCC_WARN_UNDECLARED_SELECTOR = YES;
				GCC_WARN_UNINITIALIZED_AUTOS = YES_AGGRESSIVE;
				GCC_WARN_UNUSED_FUNCTION = YES;
				GCC_WARN_UNUSED_VARIABLE = YES;
				IPHONEOS_DEPLOYMENT_TARGET = 16.1;
				MTL_ENABLE_DEBUG_INFO = NO;
				MTL_FAST_MATH = YES;
				SDKROOT = iphoneos;
				SWIFT_COMPILATION_MODE = wholemodule;
				SWIFT_OPTIMIZATION_LEVEL = "-O";
				VALIDATE_PRODUCT = YES;
			};
			name = Release;
		};
		1179953E293D4AC000DE1301 /* Debug */ = {
			isa = XCBuildConfiguration;
			buildSettings = {
				ASSETCATALOG_COMPILER_APPICON_NAME = AppIcon;
				ASSETCATALOG_COMPILER_GLOBAL_ACCENT_COLOR_NAME = AccentColor;
				CODE_SIGN_STYLE = Automatic;
				CURRENT_PROJECT_VERSION = 1;
				DEVELOPMENT_TEAM = Y25UG64XN5;
				GENERATE_INFOPLIST_FILE = YES;
				INFOPLIST_FILE = CoreDataKisilerApp/Info.plist;
				INFOPLIST_KEY_CFBundleDisplayName = "Kişiler";
				INFOPLIST_KEY_UIApplicationSupportsIndirectInputEvents = YES;
				INFOPLIST_KEY_UILaunchStoryboardName = LaunchScreen;
				INFOPLIST_KEY_UIMainStoryboardFile = Main;
				INFOPLIST_KEY_UISupportedInterfaceOrientations_iPad = "UIInterfaceOrientationPortrait UIInterfaceOrientationPortraitUpsideDown UIInterfaceOrientationLandscapeLeft UIInterfaceOrientationLandscapeRight";
				INFOPLIST_KEY_UISupportedInterfaceOrientations_iPhone = "UIInterfaceOrientationPortrait UIInterfaceOrientationLandscapeLeft UIInterfaceOrientationLandscapeRight";
				LD_RUNPATH_SEARCH_PATHS = (
					"$(inherited)",
					"@executable_path/Frameworks",
				);
				MARKETING_VERSION = 1.0;
				PRODUCT_BUNDLE_IDENTIFIER = com.kadiryilmaz.CoreDataKisilerApp;
				PRODUCT_NAME = "$(TARGET_NAME)";
				SWIFT_EMIT_LOC_STRINGS = YES;
				SWIFT_VERSION = 5.0;
				TARGETED_DEVICE_FAMILY = "1,2";
			};
			name = Debug;
		};
		1179953F293D4AC000DE1301 /* Release */ = {
			isa = XCBuildConfiguration;
			buildSettings = {
				ASSETCATALOG_COMPILER_APPICON_NAME = AppIcon;
				ASSETCATALOG_COMPILER_GLOBAL_ACCENT_COLOR_NAME = AccentColor;
				CODE_SIGN_STYLE = Automatic;
				CURRENT_PROJECT_VERSION = 1;
				DEVELOPMENT_TEAM = Y25UG64XN5;
				GENERATE_INFOPLIST_FILE = YES;
				INFOPLIST_FILE = CoreDataKisilerApp/Info.plist;
				INFOPLIST_KEY_CFBundleDisplayName = "Kişiler";
				INFOPLIST_KEY_UIApplicationSupportsIndirectInputEvents = YES;
				INFOPLIST_KEY_UILaunchStoryboardName = LaunchScreen;
				INFOPLIST_KEY_UIMainStoryboardFile = Main;
				INFOPLIST_KEY_UISupportedInterfaceOrientations_iPad = "UIInterfaceOrientationPortrait UIInterfaceOrientationPortraitUpsideDown UIInterfaceOrientationLandscapeLeft UIInterfaceOrientationLandscapeRight";
				INFOPLIST_KEY_UISupportedInterfaceOrientations_iPhone = "UIInterfaceOrientationPortrait UIInterfaceOrientationLandscapeLeft UIInterfaceOrientationLandscapeRight";
				LD_RUNPATH_SEARCH_PATHS = (
					"$(inherited)",
					"@executable_path/Frameworks",
				);
				MARKETING_VERSION = 1.0;
				PRODUCT_BUNDLE_IDENTIFIER = com.kadiryilmaz.CoreDataKisilerApp;
				PRODUCT_NAME = "$(TARGET_NAME)";
				SWIFT_EMIT_LOC_STRINGS = YES;
				SWIFT_VERSION = 5.0;
				TARGETED_DEVICE_FAMILY = "1,2";
			};
			name = Release;
		};
/* End XCBuildConfiguration section */

/* Begin XCConfigurationList section */
		11799521293D4ABF00DE1301 /* Build configuration list for PBXProject "CoreDataKisilerApp" */ = {
			isa = XCConfigurationList;
			buildConfigurations = (
				1179953B293D4AC000DE1301 /* Debug */,
				1179953C293D4AC000DE1301 /* Release */,
			);
			defaultConfigurationIsVisible = 0;
			defaultConfigurationName = Release;
		};
		1179953D293D4AC000DE1301 /* Build configuration list for PBXNativeTarget "CoreDataKisilerApp" */ = {
			isa = XCConfigurationList;
			buildConfigurations = (
				1179953E293D4AC000DE1301 /* Debug */,
				1179953F293D4AC000DE1301 /* Release */,
			);
			defaultConfigurationIsVisible = 0;
			defaultConfigurationName = Release;
		};
/* End XCConfigurationList section */

/* Begin XCVersionGroup section */
		11799532293D4ABF00DE1301 /* CoreDataKisilerApp.xcdatamodeld */ = {
			isa = XCVersionGroup;
			children = (
				11799533293D4ABF00DE1301 /* CoreDataKisilerApp.xcdatamodel */,
			);
			currentVersion = 11799533293D4ABF00DE1301 /* CoreDataKisilerApp.xcdatamodel */;
			path = CoreDataKisilerApp.xcdatamodeld;
			sourceTree = "<group>";
			versionGroupType = wrapper.xcdatamodel;
		};
/* End XCVersionGroup section */
	};
	rootObject = 1179951E293D4ABF00DE1301 /* Project object */;
}
